
Microsoft Visual Studio Solution File, Format Version 12.00
# Visual Studio 15
VisualStudioVersion = 15.0.28307.572
MinimumVisualStudioVersion = 10.0.40219.1
Project("{FAE04EC0-301F-11D3-BF4B-00C04F79EFBC}") = "jogo-xadrez", "jogo-xadrez\jogo-xadrez.csproj", "{D3F4DEF2-F283-4BB7-862A-961245AA173D}"
EndProject
Global
	GlobalSection(SolutionConfigurationPlatforms) = preSolution
		Debug|Any CPU = Debug|Any CPU
		Release|Any CPU = Release|Any CPU
	EndGlobalSection
	GlobalSection(ProjectConfigurationPlatforms) = postSolution
		{D3F4DEF2-F283-4BB7-862A-961245AA173D}.Debug|Any CPU.ActiveCfg = Debug|Any CPU
		{D3F4DEF2-F283-4BB7-862A-961245AA173D}.Debug|Any CPU.Build.0 = Debug|Any CPU
		{D3F4DEF2-F283-4BB7-862A-961245AA173D}.Release|Any CPU.ActiveCfg = Release|Any CPU
		{D3F4DEF2-F283-4BB7-862A-961245AA173D}.Release|Any CPU.Build.0 = Release|Any CPU
	EndGlobalSection
	GlobalSection(SolutionProperties) = preSolution
		HideSolutionNode = FALSE
	EndGlobalSection
	GlobalSection(ExtensibilityGlobals) = postSolution
		SolutionGuid = {E0D4024E-3480-47EB-B4F5-4E677F547852}
	EndGlobalSection
EndGlobal
